{
  "nodes": {
    "blueprint": {
      "inputs": {
        "nixpkgs": [
          "nixpkgs"
        ],
        "systems": "systems"
      },
      "locked": {
        "lastModified": 1736520168,
        "narHash": "sha256-usR9nq9S4974pF1MVWGIAf4FNfiiS2Lx0XYh4BMrsUg=",
        "owner": "numtide",
        "repo": "blueprint",
        "rev": "3da8b35043a1baad88eb4be979840380c95b821f",
        "type": "github"
      },
      "original": {
        "owner": "numtide",
        "repo": "blueprint",
        "type": "github"
      }
    },
    "blueprint_2": {
      "inputs": {
        "nixpkgs": [
          "nix-pi-loader",
          "nixpkgs"
        ],
        "systems": "systems_3"
      },
      "locked": {
        "lastModified": 1724053269,
        "narHash": "sha256-DinmPyxmUSLjBUYMe3eK0GKykwe33vWbVTmp7++P4Ng=",
        "owner": "numtide",
        "repo": "blueprint",
        "rev": "766302be9063650ca6578e5ba09cc4260b0da29c",
        "type": "github"
      },
      "original": {
        "owner": "numtide",
        "repo": "blueprint",
        "type": "github"
      }
    },
    "flake-utils": {
      "inputs": {
        "systems": "systems_2"
      },
      "locked": {
        "lastModified": 1694529238,
        "narHash": "sha256-zsNZZGTGnMOf9YpHKJqMSsa0dXbfmxeoJ7xHlrt+xmY=",
        "owner": "numtide",
        "repo": "flake-utils",
        "rev": "ff7b65b44d01cf9ba6a71320833626af21126384",
        "type": "github"
      },
      "original": {
        "owner": "numtide",
        "repo": "flake-utils",
        "type": "github"
      }
    },
    "gomod2nix": {
      "inputs": {
        "flake-utils": "flake-utils",
        "nixpkgs": [
          "nixpkgs"
        ]
      },
      "locked": {
        "lastModified": 1733668782,
        "narHash": "sha256-tPsqU00FhgdFr0JiQUiBMgPVbl1jbPCY5gbFiJycL3I=",
        "owner": "nix-community",
        "repo": "gomod2nix",
        "rev": "514283ec89c39ad0079ff2f3b1437404e4cba608",
        "type": "github"
      },
      "original": {
        "owner": "nix-community",
        "repo": "gomod2nix",
        "type": "github"
      }
    },
    "nix-pi-loader": {
      "inputs": {
        "blueprint": "blueprint_2",
        "nixos-hardware": "nixos-hardware",
        "nixpkgs": [
          "nixpkgs"
        ]
      },
      "locked": {
        "lastModified": 1733314855,
        "narHash": "sha256-8n9TRf79zTUpK7tlZ3CyTz+xd7WU5xKa7MUHcI4QRmE=",
        "owner": "rcambrj",
        "repo": "nix-pi-loader",
        "rev": "34989d9a4ad17b20c2d41fb6b34d607e2c4b3cd9",
        "type": "github"
      },
      "original": {
        "owner": "rcambrj",
        "repo": "nix-pi-loader",
        "type": "github"
      }
    },
    "nixos-hardware": {
      "locked": {
        "lastModified": 1729333370,
        "narHash": "sha256-NU+tYe3QWzDNpB8RagpqR3hNQXn4BNuBd7ZGosMHLL8=",
        "owner": "NixOS",
        "repo": "nixos-hardware",
        "rev": "38279034170b1e2929b2be33bdaedbf14a57bfeb",
        "type": "github"
      },
      "original": {
        "owner": "NixOS",
        "ref": "master",
        "repo": "nixos-hardware",
        "type": "github"
      }
    },
    "nixos-hardware_2": {
      "locked": {
        "lastModified": 1736978406,
        "narHash": "sha256-oMr3PVIQ8XPDI8/x6BHxsWEPBRU98Pam6KGVwUh8MPk=",
        "owner": "NixOS",
        "repo": "nixos-hardware",
        "rev": "b678606690027913f3434dea3864e712b862dde5",
        "type": "github"
      },
      "original": {
        "owner": "NixOS",
        "ref": "master",
        "repo": "nixos-hardware",
        "type": "github"
      }
    },
    "nixpkgs": {
      "locked": {
        "lastModified": 1725103162,
        "narHash": "sha256-Ym04C5+qovuQDYL/rKWSR+WESseQBbNAe5DsXNx5trY=",
        "owner": "NixOS",
        "repo": "nixpkgs",
        "rev": "12228ff1752d7b7624a54e9c1af4b222b3c1073b",
        "type": "github"
      },
      "original": {
        "owner": "NixOS",
        "ref": "12228ff1752d7b7624a54e9c1af4b222b3c1073b",
        "repo": "nixpkgs",
        "type": "github"
      }
    },
    "root": {
      "inputs": {
        "blueprint": "blueprint",
        "gomod2nix": "gomod2nix",
        "nix-pi-loader": "nix-pi-loader",
        "nixos-hardware": "nixos-hardware_2",
        "nixpkgs": "nixpkgs"
      }
    },
    "systems": {
      "locked": {
        "lastModified": 1681028828,
        "narHash": "sha256-Vy1rq5AaRuLzOxct8nz4T6wlgyUR7zLU309k9mBC768=",
        "owner": "nix-systems",
        "repo": "default",
        "rev": "da67096a3b9bf56a91d16901293e51ba5b49a27e",
        "type": "github"
      },
      "original": {
        "owner": "nix-systems",
        "repo": "default",
        "type": "github"
      }
    },
    "systems_2": {
      "locked": {
        "lastModified": 1681028828,
        "narHash": "sha256-Vy1rq5AaRuLzOxct8nz4T6wlgyUR7zLU309k9mBC768=",
        "owner": "nix-systems",
        "repo": "default",
        "rev": "da67096a3b9bf56a91d16901293e51ba5b49a27e",
        "type": "github"
      },
      "original": {
        "owner": "nix-systems",
        "repo": "default",
        "type": "github"
      }
    },
    "systems_3": {
      "locked": {
        "lastModified": 1681028828,
        "narHash": "sha256-Vy1rq5AaRuLzOxct8nz4T6wlgyUR7zLU309k9mBC768=",
        "owner": "nix-systems",
        "repo": "default",
        "rev": "da67096a3b9bf56a91d16901293e51ba5b49a27e",
        "type": "github"
      },
      "original": {
        "owner": "nix-systems",
        "repo": "default",
        "type": "github"
      }
    }
  },
  "root": "root",
  "version": 7
}
